
Microsoft Visual Studio Solution File, Format Version 12.00
Project("{FAE04EC0-301F-11D3-BF4B-00C04F79EFBC}") = "WineLottery.Api", "src\WineLottery.Api\WineLottery.Api.csproj", "{3EBFA122-E5BB-43CC-AFF3-1A0CE192667A}"
EndProject
Global
	GlobalSection(SolutionConfigurationPlatforms) = preSolution
		Debug|Any CPU = Debug|Any CPU
		Release|Any CPU = Release|Any CPU
	EndGlobalSection
	GlobalSection(ProjectConfigurationPlatforms) = postSolution
		{3EBFA122-E5BB-43CC-AFF3-1A0CE192667A}.Debug|Any CPU.ActiveCfg = Debug|Any CPU
		{3EBFA122-E5BB-43CC-AFF3-1A0CE192667A}.Debug|Any CPU.Build.0 = Debug|Any CPU
		{3EBFA122-E5BB-43CC-AFF3-1A0CE192667A}.Release|Any CPU.ActiveCfg = Release|Any CPU
		{3EBFA122-E5BB-43CC-AFF3-1A0CE192667A}.Release|Any CPU.Build.0 = Release|Any CPU
	EndGlobalSection
EndGlobal
